{
  "version": 4,
  "terraform_version": "1.3.9",
  "serial": 71,
  "lineage": "e311a3b4-e956-176c-a384-df5d4a89b4cb",
  "outputs": {
    "sns_topic_arn": {
      "value": "arn:aws:sns:eu-west-1:065454142634:weather-topic",
      "type": "string"
    }
  },
  "resources": [
    {
      "mode": "data",
      "type": "archive_file",
      "name": "zip_publisher",
      "provider": "provider[\"registry.terraform.io/hashicorp/archive\"]",
      "instances": [
        {
          "schema_version": 0,
          "attributes": {
            "excludes": null,
            "id": "594545645f79ef6406e9cb62eba0f50b79c47b6c",
            "output_base64sha256": "GtGKMDPRDdE9anuksQV74MC5P2BAOtpeCuT3JqgHNcE=",
            "output_file_mode": null,
            "output_md5": "3f34696b19107770fd2607d5311637b1",
            "output_path": "../dist/lambda-publisher.zip",
            "output_sha": "594545645f79ef6406e9cb62eba0f50b79c47b6c",
            "output_size": 1639528,
            "source": [],
            "source_content": null,
            "source_content_filename": null,
            "source_dir": null,
            "source_file": "../dist/lambda-publisher.js",
            "type": "zip"
          },
          "sensitive_attributes": []
        }
      ]
    },
    {
      "mode": "data",
      "type": "archive_file",
      "name": "zip_subscriber_lambda1",
      "provider": "provider[\"registry.terraform.io/hashicorp/archive\"]",
      "instances": [
        {
          "schema_version": 0,
          "attributes": {
            "excludes": null,
            "id": "f01a9ac42827c8b1f923ac254be91664695b0b9a",
            "output_base64sha256": "Y7lIL4nogtJ72P4DynT1keXLp3yet+t+c/IEQhvdHDM=",
            "output_file_mode": null,
            "output_md5": "94ac79b2b82a89cd212d45f32cf5e8b2",
            "output_path": "../dist/lambda-subscriber.zip",
            "output_sha": "f01a9ac42827c8b1f923ac254be91664695b0b9a",
            "output_size": 243,
            "source": [],
            "source_content": null,
            "source_content_filename": null,
            "source_dir": null,
            "source_file": "../dist/lambda-subscriber.js",
            "type": "zip"
          },
          "sensitive_attributes": []
        }
      ]
    },
    {
      "mode": "data",
      "type": "archive_file",
      "name": "zip_subscriber_lambda2",
      "provider": "provider[\"registry.terraform.io/hashicorp/archive\"]",
      "instances": [
        {
          "schema_version": 0,
          "attributes": {
            "excludes": null,
            "id": "f01a9ac42827c8b1f923ac254be91664695b0b9a",
            "output_base64sha256": "Y7lIL4nogtJ72P4DynT1keXLp3yet+t+c/IEQhvdHDM=",
            "output_file_mode": null,
            "output_md5": "94ac79b2b82a89cd212d45f32cf5e8b2",
            "output_path": "../dist/lambda-subscriber.zip",
            "output_sha": "f01a9ac42827c8b1f923ac254be91664695b0b9a",
            "output_size": 243,
            "source": [],
            "source_content": null,
            "source_content_filename": null,
            "source_dir": null,
            "source_file": "../dist/lambda-subscriber.js",
            "type": "zip"
          },
          "sensitive_attributes": []
        }
      ]
    },
    {
      "mode": "data",
      "type": "aws_iam_policy_document",
      "name": "policy_execute_lambda",
      "provider": "provider[\"registry.terraform.io/hashicorp/aws\"]",
      "instances": [
        {
          "schema_version": 0,
          "attributes": {
            "id": "3693445097",
            "json": "{\n  \"Version\": \"2012-10-17\",\n  \"Statement\": [\n    {\n      \"Sid\": \"\",\n      \"Effect\": \"Allow\",\n      \"Action\": \"sts:AssumeRole\",\n      \"Principal\": {\n        \"Service\": \"lambda.amazonaws.com\"\n      }\n    }\n  ]\n}",
            "override_json": null,
            "override_policy_documents": null,
            "policy_id": null,
            "source_json": null,
            "source_policy_documents": null,
            "statement": [
              {
                "actions": [
                  "sts:AssumeRole"
                ],
                "condition": [],
                "effect": "Allow",
                "not_actions": [],
                "not_principals": [],
                "not_resources": [],
                "principals": [
                  {
                    "identifiers": [
                      "lambda.amazonaws.com"
                    ],
                    "type": "Service"
                  }
                ],
                "resources": [],
                "sid": ""
              }
            ],
            "version": "2012-10-17"
          },
          "sensitive_attributes": []
        }
      ]
    },
    {
      "mode": "managed",
      "type": "aws_cloudwatch_log_group",
      "name": "function_log_group",
      "provider": "provider[\"registry.terraform.io/hashicorp/aws\"]",
      "instances": []
    },
    {
      "mode": "managed",
      "type": "aws_iam_policy",
      "name": "aws_lambda_policy_interact_sqs",
      "provider": "provider[\"registry.terraform.io/hashicorp/aws\"]",
      "instances": [
        {
          "schema_version": 0,
          "attributes": {
            "arn": "arn:aws:iam::065454142634:policy/example20230410190828182800000002",
            "description": "",
            "id": "arn:aws:iam::065454142634:policy/example20230410190828182800000002",
            "name": "example20230410190828182800000002",
            "name_prefix": "example",
            "path": "/",
            "policy": "{\"Statement\":[{\"Action\":[\"sqs:ReceiveMessage\",\"sqs:DeleteMessage\",\"sqs:GetQueueAttributes\"],\"Effect\":\"Allow\",\"Resource\":\"arn:aws:sqs:eu-west-1:065454142634:queue_receiver_weather*\"}],\"Version\":\"2012-10-17\"}",
            "policy_id": "ANPAQ6PK66SVHOP3PUJLA",
            "tags": {},
            "tags_all": {}
          },
          "sensitive_attributes": [],
          "private": "bnVsbA=="
        }
      ]
    },
    {
      "mode": "managed",
      "type": "aws_iam_policy",
      "name": "lambda_policy_for_cloudwatch",
      "provider": "provider[\"registry.terraform.io/hashicorp/aws\"]",
      "instances": [
        {
          "schema_version": 0,
          "attributes": {
            "arn": "arn:aws:iam::065454142634:policy/lambda_publish_cloudwatch_policy20230410190828182400000001",
            "description": "",
            "id": "arn:aws:iam::065454142634:policy/lambda_publish_cloudwatch_policy20230410190828182400000001",
            "name": "lambda_publish_cloudwatch_policy20230410190828182400000001",
            "name_prefix": "lambda_publish_cloudwatch_policy",
            "path": "/",
            "policy": "{\"Statement\":[{\"Action\":[\"logs:CreateLogGroup\",\"logs:CreateLogStream\",\"logs:PutLogEvents\"],\"Effect\":\"Allow\",\"Resource\":\"arn:aws:logs:*:*:*\"}],\"Version\":\"2012-10-17\"}",
            "policy_id": "ANPAQ6PK66SVAVVSU6TKT",
            "tags": {},
            "tags_all": {}
          },
          "sensitive_attributes": [],
          "private": "bnVsbA=="
        }
      ]
    },
    {
      "mode": "managed",
      "type": "aws_iam_policy",
      "name": "lambda_policy_for_sns",
      "provider": "provider[\"registry.terraform.io/hashicorp/aws\"]",
      "instances": [
        {
          "schema_version": 0,
          "attributes": {
            "arn": "arn:aws:iam::065454142634:policy/lambda_publish_sns_policy20230410190829032400000003",
            "description": "",
            "id": "arn:aws:iam::065454142634:policy/lambda_publish_sns_policy20230410190829032400000003",
            "name": "lambda_publish_sns_policy20230410190829032400000003",
            "name_prefix": "lambda_publish_sns_policy",
            "path": "/",
            "policy": "{\"Statement\":[{\"Action\":[\"sns:Publish\"],\"Effect\":\"Allow\",\"Resource\":\"arn:aws:sns:eu-west-1:065454142634:weather-topic\"}],\"Version\":\"2012-10-17\"}",
            "policy_id": "ANPAQ6PK66SVF6TMTWJK7",
            "tags": {},
            "tags_all": {}
          },
          "sensitive_attributes": [],
          "private": "bnVsbA==",
          "dependencies": [
            "aws_sns_topic.topic_weather"
          ]
        }
      ]
    },
    {
      "mode": "managed",
      "type": "aws_iam_role",
      "name": "iam_for_lambda",
      "provider": "provider[\"registry.terraform.io/hashicorp/aws\"]",
      "instances": [
        {
          "schema_version": 0,
          "attributes": {
            "arn": "arn:aws:iam::065454142634:role/lambda_role_publisher",
            "assume_role_policy": "{\"Statement\":[{\"Action\":\"sts:AssumeRole\",\"Effect\":\"Allow\",\"Principal\":{\"Service\":\"lambda.amazonaws.com\"},\"Sid\":\"\"}],\"Version\":\"2012-10-17\"}",
            "create_date": "2023-04-10T19:08:29Z",
            "description": "",
            "force_detach_policies": false,
            "id": "lambda_role_publisher",
            "inline_policy": [],
            "managed_policy_arns": [
              "arn:aws:iam::065454142634:policy/lambda_publish_cloudwatch_policy20230410190828182400000001",
              "arn:aws:iam::065454142634:policy/lambda_publish_sns_policy20230410190829032400000003"
            ],
            "max_session_duration": 3600,
            "name": "lambda_role_publisher",
            "name_prefix": "",
            "path": "/",
            "permissions_boundary": null,
            "tags": {},
            "tags_all": {},
            "unique_id": "AROAQ6PK66SVDBN2LOXJH"
          },
          "sensitive_attributes": [],
          "private": "bnVsbA==",
          "dependencies": [
            "aws_iam_policy.lambda_policy_for_cloudwatch",
            "aws_iam_policy.lambda_policy_for_sns",
            "aws_sns_topic.topic_weather",
            "data.aws_iam_policy_document.policy_execute_lambda"
          ]
        }
      ]
    },
    {
      "mode": "managed",
      "type": "aws_iam_role",
      "name": "iam_for_lambda_subs_lambda1",
      "provider": "provider[\"registry.terraform.io/hashicorp/aws\"]",
      "instances": [
        {
          "schema_version": 0,
          "attributes": {
            "arn": "arn:aws:iam::065454142634:role/lambda_role_subscriber_lambda1",
            "assume_role_policy": "{\"Statement\":[{\"Action\":\"sts:AssumeRole\",\"Effect\":\"Allow\",\"Principal\":{\"Service\":\"lambda.amazonaws.com\"},\"Sid\":\"\"}],\"Version\":\"2012-10-17\"}",
            "create_date": "2023-04-10T19:08:29Z",
            "description": "",
            "force_detach_policies": false,
            "id": "lambda_role_subscriber_lambda1",
            "inline_policy": [],
            "managed_policy_arns": [
              "arn:aws:iam::065454142634:policy/example20230410190828182800000002",
              "arn:aws:iam::065454142634:policy/lambda_publish_cloudwatch_policy20230410190828182400000001"
            ],
            "max_session_duration": 3600,
            "name": "lambda_role_subscriber_lambda1",
            "name_prefix": "",
            "path": "/",
            "permissions_boundary": null,
            "tags": {},
            "tags_all": {},
            "unique_id": "AROAQ6PK66SVBG62TSD7V"
          },
          "sensitive_attributes": [],
          "private": "bnVsbA==",
          "dependencies": [
            "aws_iam_policy.aws_lambda_policy_interact_sqs",
            "aws_iam_policy.lambda_policy_for_cloudwatch",
            "data.aws_iam_policy_document.policy_execute_lambda"
          ]
        }
      ]
    },
    {
      "mode": "managed",
      "type": "aws_iam_role",
      "name": "iam_for_lambda_subs_lambda2",
      "provider": "provider[\"registry.terraform.io/hashicorp/aws\"]",
      "instances": [
        {
          "schema_version": 0,
          "attributes": {
            "arn": "arn:aws:iam::065454142634:role/lambda_role_subscriber_lambda2",
            "assume_role_policy": "{\"Statement\":[{\"Action\":\"sts:AssumeRole\",\"Effect\":\"Allow\",\"Principal\":{\"Service\":\"lambda.amazonaws.com\"},\"Sid\":\"\"}],\"Version\":\"2012-10-17\"}",
            "create_date": "2023-04-10T19:08:29Z",
            "description": "",
            "force_detach_policies": false,
            "id": "lambda_role_subscriber_lambda2",
            "inline_policy": [],
            "managed_policy_arns": [
              "arn:aws:iam::065454142634:policy/example20230410190828182800000002",
              "arn:aws:iam::065454142634:policy/lambda_publish_cloudwatch_policy20230410190828182400000001"
            ],
            "max_session_duration": 3600,
            "name": "lambda_role_subscriber_lambda2",
            "name_prefix": "",
            "path": "/",
            "permissions_boundary": null,
            "tags": {},
            "tags_all": {},
            "unique_id": "AROAQ6PK66SVO5PSOHJEF"
          },
          "sensitive_attributes": [],
          "private": "bnVsbA==",
          "dependencies": [
            "aws_iam_policy.aws_lambda_policy_interact_sqs",
            "aws_iam_policy.lambda_policy_for_cloudwatch",
            "data.aws_iam_policy_document.policy_execute_lambda"
          ]
        }
      ]
    },
    {
      "mode": "managed",
      "type": "aws_lambda_event_source_mapping",
      "name": "event_source_mapping_lambda1",
      "provider": "provider[\"registry.terraform.io/hashicorp/aws\"]",
      "instances": [
        {
          "schema_version": 0,
          "attributes": {
            "amazon_managed_kafka_event_source_config": [],
            "batch_size": 1,
            "bisect_batch_on_function_error": false,
            "destination_config": [],
            "enabled": true,
            "event_source_arn": "arn:aws:sqs:eu-west-1:065454142634:queue_receiver_weather_1",
            "filter_criteria": [],
            "function_arn": "arn:aws:lambda:eu-west-1:065454142634:function:handler_weather_subscriber_lisbon",
            "function_name": "arn:aws:lambda:eu-west-1:065454142634:function:handler_weather_subscriber_lisbon",
            "function_response_types": null,
            "id": "34707fdc-7f95-4e97-9a9c-6b7da7b4da9c",
            "last_modified": "2023-04-10T19:17:53Z",
            "last_processing_result": "",
            "maximum_batching_window_in_seconds": 0,
            "maximum_record_age_in_seconds": 0,
            "maximum_retry_attempts": 0,
            "parallelization_factor": 0,
            "queues": null,
            "scaling_config": [],
            "self_managed_event_source": [],
            "self_managed_kafka_event_source_config": [],
            "source_access_configuration": [],
            "starting_position": "",
            "starting_position_timestamp": "",
            "state": "Enabled",
            "state_transition_reason": "USER_INITIATED",
            "topics": null,
            "tumbling_window_in_seconds": 0,
            "uuid": "34707fdc-7f95-4e97-9a9c-6b7da7b4da9c"
          },
          "sensitive_attributes": [],
          "private": "bnVsbA==",
          "dependencies": [
            "aws_lambda_function.lambda_subscriber1",
            "aws_sqs_queue.queue_1"
          ]
        }
      ]
    },
    {
      "mode": "managed",
      "type": "aws_lambda_event_source_mapping",
      "name": "event_source_mapping_lambda2",
      "provider": "provider[\"registry.terraform.io/hashicorp/aws\"]",
      "instances": [
        {
          "schema_version": 0,
          "attributes": {
            "amazon_managed_kafka_event_source_config": [],
            "batch_size": 1,
            "bisect_batch_on_function_error": false,
            "destination_config": [],
            "enabled": true,
            "event_source_arn": "arn:aws:sqs:eu-west-1:065454142634:queue_receiver_weather_2",
            "filter_criteria": [],
            "function_arn": "arn:aws:lambda:eu-west-1:065454142634:function:handler_weather_subscriber_porto",
            "function_name": "arn:aws:lambda:eu-west-1:065454142634:function:handler_weather_subscriber_porto",
            "function_response_types": null,
            "id": "bd2822ae-2253-4bc7-8718-1b9715ef9f96",
            "last_modified": "2023-04-10T19:17:53Z",
            "last_processing_result": "",
            "maximum_batching_window_in_seconds": 0,
            "maximum_record_age_in_seconds": 0,
            "maximum_retry_attempts": 0,
            "parallelization_factor": 0,
            "queues": null,
            "scaling_config": [],
            "self_managed_event_source": [],
            "self_managed_kafka_event_source_config": [],
            "source_access_configuration": [],
            "starting_position": "",
            "starting_position_timestamp": "",
            "state": "Enabled",
            "state_transition_reason": "USER_INITIATED",
            "topics": null,
            "tumbling_window_in_seconds": 0,
            "uuid": "bd2822ae-2253-4bc7-8718-1b9715ef9f96"
          },
          "sensitive_attributes": [],
          "private": "bnVsbA==",
          "dependencies": [
            "aws_lambda_function.lambda_subscriber2",
            "aws_sqs_queue.queue_2"
          ]
        }
      ]
    },
    {
      "mode": "managed",
      "type": "aws_lambda_function",
      "name": "lambda_subscriber1",
      "provider": "provider[\"registry.terraform.io/hashicorp/aws\"]",
      "instances": [
        {
          "schema_version": 0,
          "attributes": {
            "architectures": [
              "x86_64"
            ],
            "arn": "arn:aws:lambda:eu-west-1:065454142634:function:handler_weather_subscriber_lisbon",
            "code_signing_config_arn": "",
            "dead_letter_config": [],
            "description": "",
            "environment": [],
            "ephemeral_storage": [
              {
                "size": 512
              }
            ],
            "file_system_config": [],
            "filename": "../dist/lambda-subscriber.zip",
            "function_name": "handler_weather_subscriber_lisbon",
            "handler": "lambda-subscriber.handler",
            "id": "handler_weather_subscriber_lisbon",
            "image_config": [],
            "image_uri": "",
            "invoke_arn": "arn:aws:apigateway:eu-west-1:lambda:path/2015-03-31/functions/arn:aws:lambda:eu-west-1:065454142634:function:handler_weather_subscriber_lisbon/invocations",
            "kms_key_arn": "",
            "last_modified": "2023-04-10T19:08:38.333+0000",
            "layers": [],
            "memory_size": 128,
            "package_type": "Zip",
            "publish": false,
            "qualified_arn": "arn:aws:lambda:eu-west-1:065454142634:function:handler_weather_subscriber_lisbon:$LATEST",
            "qualified_invoke_arn": "arn:aws:apigateway:eu-west-1:lambda:path/2015-03-31/functions/arn:aws:lambda:eu-west-1:065454142634:function:handler_weather_subscriber_lisbon:$LATEST/invocations",
            "replace_security_groups_on_destroy": null,
            "replacement_security_group_ids": null,
            "reserved_concurrent_executions": -1,
            "role": "arn:aws:iam::065454142634:role/lambda_role_subscriber_lambda1",
            "runtime": "nodejs16.x",
            "s3_bucket": null,
            "s3_key": null,
            "s3_object_version": null,
            "signing_job_arn": "",
            "signing_profile_version_arn": "",
            "skip_destroy": false,
            "snap_start": [],
            "source_code_hash": "Y7lIL4nogtJ72P4DynT1keXLp3yet+t+c/IEQhvdHDM=",
            "source_code_size": 243,
            "tags": {},
            "tags_all": {},
            "timeout": 5,
            "timeouts": null,
            "tracing_config": [
              {
                "mode": "PassThrough"
              }
            ],
            "version": "$LATEST",
            "vpc_config": []
          },
          "sensitive_attributes": [],
          "private": "eyJlMmJmYjczMC1lY2FhLTExZTYtOGY4OC0zNDM2M2JjN2M0YzAiOnsiY3JlYXRlIjo2MDAwMDAwMDAwMDAsImRlbGV0ZSI6NjAwMDAwMDAwMDAwLCJ1cGRhdGUiOjYwMDAwMDAwMDAwMH19",
          "dependencies": [
            "aws_iam_policy.aws_lambda_policy_interact_sqs",
            "aws_iam_policy.lambda_policy_for_cloudwatch",
            "aws_iam_role.iam_for_lambda_subs_lambda1",
            "data.archive_file.zip_subscriber_lambda1",
            "data.aws_iam_policy_document.policy_execute_lambda"
          ]
        }
      ]
    },
    {
      "mode": "managed",
      "type": "aws_lambda_function",
      "name": "lambda_subscriber2",
      "provider": "provider[\"registry.terraform.io/hashicorp/aws\"]",
      "instances": [
        {
          "schema_version": 0,
          "attributes": {
            "architectures": [
              "x86_64"
            ],
            "arn": "arn:aws:lambda:eu-west-1:065454142634:function:handler_weather_subscriber_porto",
            "code_signing_config_arn": "",
            "dead_letter_config": [],
            "description": "",
            "environment": [],
            "ephemeral_storage": [
              {
                "size": 512
              }
            ],
            "file_system_config": [],
            "filename": "../dist/lambda-subscriber.zip",
            "function_name": "handler_weather_subscriber_porto",
            "handler": "lambda-subscriber.handler",
            "id": "handler_weather_subscriber_porto",
            "image_config": [],
            "image_uri": "",
            "invoke_arn": "arn:aws:apigateway:eu-west-1:lambda:path/2015-03-31/functions/arn:aws:lambda:eu-west-1:065454142634:function:handler_weather_subscriber_porto/invocations",
            "kms_key_arn": "",
            "last_modified": "2023-04-10T19:08:43.995+0000",
            "layers": [],
            "memory_size": 128,
            "package_type": "Zip",
            "publish": false,
            "qualified_arn": "arn:aws:lambda:eu-west-1:065454142634:function:handler_weather_subscriber_porto:$LATEST",
            "qualified_invoke_arn": "arn:aws:apigateway:eu-west-1:lambda:path/2015-03-31/functions/arn:aws:lambda:eu-west-1:065454142634:function:handler_weather_subscriber_porto:$LATEST/invocations",
            "replace_security_groups_on_destroy": null,
            "replacement_security_group_ids": null,
            "reserved_concurrent_executions": -1,
            "role": "arn:aws:iam::065454142634:role/lambda_role_subscriber_lambda2",
            "runtime": "nodejs16.x",
            "s3_bucket": null,
            "s3_key": null,
            "s3_object_version": null,
            "signing_job_arn": "",
            "signing_profile_version_arn": "",
            "skip_destroy": false,
            "snap_start": [],
            "source_code_hash": "Y7lIL4nogtJ72P4DynT1keXLp3yet+t+c/IEQhvdHDM=",
            "source_code_size": 243,
            "tags": {},
            "tags_all": {},
            "timeout": 5,
            "timeouts": null,
            "tracing_config": [
              {
                "mode": "PassThrough"
              }
            ],
            "version": "$LATEST",
            "vpc_config": []
          },
          "sensitive_attributes": [],
          "private": "eyJlMmJmYjczMC1lY2FhLTExZTYtOGY4OC0zNDM2M2JjN2M0YzAiOnsiY3JlYXRlIjo2MDAwMDAwMDAwMDAsImRlbGV0ZSI6NjAwMDAwMDAwMDAwLCJ1cGRhdGUiOjYwMDAwMDAwMDAwMH19",
          "dependencies": [
            "aws_iam_policy.aws_lambda_policy_interact_sqs",
            "aws_iam_policy.lambda_policy_for_cloudwatch",
            "aws_iam_role.iam_for_lambda_subs_lambda2",
            "data.archive_file.zip_subscriber_lambda2",
            "data.aws_iam_policy_document.policy_execute_lambda"
          ]
        }
      ]
    },
    {
      "mode": "managed",
      "type": "aws_sns_topic",
      "name": "topic_weather",
      "provider": "provider[\"registry.terraform.io/hashicorp/aws\"]",
      "instances": [
        {
          "schema_version": 0,
          "attributes": {
            "application_failure_feedback_role_arn": "",
            "application_success_feedback_role_arn": "",
            "application_success_feedback_sample_rate": 0,
            "arn": "arn:aws:sns:eu-west-1:065454142634:weather-topic",
            "content_based_deduplication": false,
            "delivery_policy": "",
            "display_name": "Weather",
            "fifo_topic": false,
            "firehose_failure_feedback_role_arn": "",
            "firehose_success_feedback_role_arn": "",
            "firehose_success_feedback_sample_rate": 0,
            "http_failure_feedback_role_arn": "",
            "http_success_feedback_role_arn": "",
            "http_success_feedback_sample_rate": 0,
            "id": "arn:aws:sns:eu-west-1:065454142634:weather-topic",
            "kms_master_key_id": "",
            "lambda_failure_feedback_role_arn": "",
            "lambda_success_feedback_role_arn": "",
            "lambda_success_feedback_sample_rate": 0,
            "name": "weather-topic",
            "name_prefix": "",
            "owner": "065454142634",
            "policy": "{\"Id\":\"__default_policy_ID\",\"Statement\":[{\"Action\":[\"SNS:GetTopicAttributes\",\"SNS:SetTopicAttributes\",\"SNS:AddPermission\",\"SNS:RemovePermission\",\"SNS:DeleteTopic\",\"SNS:Subscribe\",\"SNS:ListSubscriptionsByTopic\",\"SNS:Publish\"],\"Condition\":{\"StringEquals\":{\"AWS:SourceOwner\":\"065454142634\"}},\"Effect\":\"Allow\",\"Principal\":{\"AWS\":\"*\"},\"Resource\":\"arn:aws:sns:eu-west-1:065454142634:weather-topic\",\"Sid\":\"__default_statement_ID\"}],\"Version\":\"2008-10-17\"}",
            "signature_version": 0,
            "sqs_failure_feedback_role_arn": "",
            "sqs_success_feedback_role_arn": "",
            "sqs_success_feedback_sample_rate": 0,
            "tags": {},
            "tags_all": {},
            "tracing_config": ""
          },
          "sensitive_attributes": [],
          "private": "bnVsbA=="
        }
      ]
    },
    {
      "mode": "managed",
      "type": "aws_sns_topic_subscription",
      "name": "subscription_1_to_sns",
      "provider": "provider[\"registry.terraform.io/hashicorp/aws\"]",
      "instances": [
        {
          "schema_version": 0,
          "attributes": {
            "arn": "arn:aws:sns:eu-west-1:065454142634:weather-topic:999122dc-98aa-4888-bdcd-95ec6775c3e0",
            "confirmation_timeout_in_minutes": 1,
            "confirmation_was_authenticated": true,
            "delivery_policy": "",
            "endpoint": "arn:aws:sqs:eu-west-1:065454142634:queue_receiver_weather_1",
            "endpoint_auto_confirms": false,
            "filter_policy": "{\"city\":[\"Lisbon\",\"Portugal\"]}",
            "filter_policy_scope": "MessageBody",
            "id": "arn:aws:sns:eu-west-1:065454142634:weather-topic:999122dc-98aa-4888-bdcd-95ec6775c3e0",
            "owner_id": "065454142634",
            "pending_confirmation": false,
            "protocol": "sqs",
            "raw_message_delivery": false,
            "redrive_policy": "",
            "subscription_role_arn": "",
            "topic_arn": "arn:aws:sns:eu-west-1:065454142634:weather-topic"
          },
          "sensitive_attributes": [],
          "private": "bnVsbA==",
          "dependencies": [
            "aws_sns_topic.topic_weather",
            "aws_sqs_queue.queue_1"
          ]
        }
      ]
    },
    {
      "mode": "managed",
      "type": "aws_sns_topic_subscription",
      "name": "subscription_2_to_sns",
      "provider": "provider[\"registry.terraform.io/hashicorp/aws\"]",
      "instances": [
        {
          "schema_version": 0,
          "attributes": {
            "arn": "arn:aws:sns:eu-west-1:065454142634:weather-topic:9ea0eb3a-ed75-45e6-942d-ec82df9d6796",
            "confirmation_timeout_in_minutes": 1,
            "confirmation_was_authenticated": true,
            "delivery_policy": "",
            "endpoint": "arn:aws:sqs:eu-west-1:065454142634:queue_receiver_weather_2",
            "endpoint_auto_confirms": false,
            "filter_policy": "{\"city\":[\"Porto\",\"Portugal\"]}",
            "filter_policy_scope": "MessageAttributes",
            "id": "arn:aws:sns:eu-west-1:065454142634:weather-topic:9ea0eb3a-ed75-45e6-942d-ec82df9d6796",
            "owner_id": "065454142634",
            "pending_confirmation": false,
            "protocol": "sqs",
            "raw_message_delivery": false,
            "redrive_policy": "",
            "subscription_role_arn": "",
            "topic_arn": "arn:aws:sns:eu-west-1:065454142634:weather-topic"
          },
          "sensitive_attributes": [],
          "private": "bnVsbA==",
          "dependencies": [
            "aws_sns_topic.topic_weather",
            "aws_sqs_queue.queue_2"
          ]
        }
      ]
    },
    {
      "mode": "managed",
      "type": "aws_sqs_queue",
      "name": "queue_1",
      "provider": "provider[\"registry.terraform.io/hashicorp/aws\"]",
      "instances": [
        {
          "schema_version": 0,
          "attributes": {
            "arn": "arn:aws:sqs:eu-west-1:065454142634:queue_receiver_weather_1",
            "content_based_deduplication": false,
            "deduplication_scope": "",
            "delay_seconds": 0,
            "fifo_queue": false,
            "fifo_throughput_limit": "",
            "id": "https://sqs.eu-west-1.amazonaws.com/065454142634/queue_receiver_weather_1",
            "kms_data_key_reuse_period_seconds": 300,
            "kms_master_key_id": "",
            "max_message_size": 262144,
            "message_retention_seconds": 345600,
            "name": "queue_receiver_weather_1",
            "name_prefix": "",
            "policy": "{\"Id\":\"sns_sqs_policy\",\"Statement\":[{\"Action\":\"sqs:SendMessage\",\"Condition\":{\"ArnEquals\":{\"aws:SourceArn\":\"arn:aws:sns:eu-west-1:065454142634:weather-topic\"}},\"Effect\":\"Allow\",\"Principal\":{\"Service\":\"sns.amazonaws.com\"},\"Resource\":\"arn:aws:sqs:eu-west-1:065454142634:queue_receiver_weather_1\",\"Sid\":\"Allow SNS publish to SQS\"}],\"Version\":\"2012-10-17\"}",
            "receive_wait_time_seconds": 0,
            "redrive_allow_policy": "",
            "redrive_policy": "",
            "sqs_managed_sse_enabled": true,
            "tags": {},
            "tags_all": {},
            "url": "https://sqs.eu-west-1.amazonaws.com/065454142634/queue_receiver_weather_1",
            "visibility_timeout_seconds": 30
          },
          "sensitive_attributes": [],
          "private": "bnVsbA=="
        }
      ]
    },
    {
      "mode": "managed",
      "type": "aws_sqs_queue",
      "name": "queue_2",
      "provider": "provider[\"registry.terraform.io/hashicorp/aws\"]",
      "instances": [
        {
          "schema_version": 0,
          "attributes": {
            "arn": "arn:aws:sqs:eu-west-1:065454142634:queue_receiver_weather_2",
            "content_based_deduplication": false,
            "deduplication_scope": "",
            "delay_seconds": 0,
            "fifo_queue": false,
            "fifo_throughput_limit": "",
            "id": "https://sqs.eu-west-1.amazonaws.com/065454142634/queue_receiver_weather_2",
            "kms_data_key_reuse_period_seconds": 300,
            "kms_master_key_id": "",
            "max_message_size": 262144,
            "message_retention_seconds": 345600,
            "name": "queue_receiver_weather_2",
            "name_prefix": "",
            "policy": "{\"Id\":\"sns_sqs_policy\",\"Statement\":[{\"Action\":\"sqs:SendMessage\",\"Condition\":{\"ArnEquals\":{\"aws:SourceArn\":\"arn:aws:sns:eu-west-1:065454142634:weather-topic\"}},\"Effect\":\"Allow\",\"Principal\":{\"Service\":\"sns.amazonaws.com\"},\"Resource\":\"arn:aws:sqs:eu-west-1:065454142634:queue_receiver_weather_2\",\"Sid\":\"Allow SNS publish to SQS\"}],\"Version\":\"2012-10-17\"}",
            "receive_wait_time_seconds": 0,
            "redrive_allow_policy": "",
            "redrive_policy": "",
            "sqs_managed_sse_enabled": true,
            "tags": {},
            "tags_all": {},
            "url": "https://sqs.eu-west-1.amazonaws.com/065454142634/queue_receiver_weather_2",
            "visibility_timeout_seconds": 30
          },
          "sensitive_attributes": [],
          "private": "bnVsbA=="
        }
      ]
    },
    {
      "mode": "managed",
      "type": "aws_sqs_queue_policy",
      "name": "sns_sqs_demo_sqspolicy1",
      "provider": "provider[\"registry.terraform.io/hashicorp/aws\"]",
      "instances": [
        {
          "schema_version": 1,
          "attributes": {
            "id": "https://sqs.eu-west-1.amazonaws.com/065454142634/queue_receiver_weather_1",
            "policy": "{\"Id\":\"sns_sqs_policy\",\"Statement\":[{\"Action\":\"sqs:SendMessage\",\"Condition\":{\"ArnEquals\":{\"aws:SourceArn\":\"arn:aws:sns:eu-west-1:065454142634:weather-topic\"}},\"Effect\":\"Allow\",\"Principal\":{\"Service\":\"sns.amazonaws.com\"},\"Resource\":\"arn:aws:sqs:eu-west-1:065454142634:queue_receiver_weather_1\",\"Sid\":\"Allow SNS publish to SQS\"}],\"Version\":\"2012-10-17\"}",
            "queue_url": "https://sqs.eu-west-1.amazonaws.com/065454142634/queue_receiver_weather_1"
          },
          "sensitive_attributes": [],
          "private": "eyJzY2hlbWFfdmVyc2lvbiI6IjEifQ==",
          "dependencies": [
            "aws_sns_topic.topic_weather",
            "aws_sqs_queue.queue_1"
          ]
        }
      ]
    },
    {
      "mode": "managed",
      "type": "aws_sqs_queue_policy",
      "name": "sns_sqs_demo_sqspolicy2",
      "provider": "provider[\"registry.terraform.io/hashicorp/aws\"]",
      "instances": [
        {
          "schema_version": 1,
          "attributes": {
            "id": "https://sqs.eu-west-1.amazonaws.com/065454142634/queue_receiver_weather_2",
            "policy": "{\"Id\":\"sns_sqs_policy\",\"Statement\":[{\"Action\":\"sqs:SendMessage\",\"Condition\":{\"ArnEquals\":{\"aws:SourceArn\":\"arn:aws:sns:eu-west-1:065454142634:weather-topic\"}},\"Effect\":\"Allow\",\"Principal\":{\"Service\":\"sns.amazonaws.com\"},\"Resource\":\"arn:aws:sqs:eu-west-1:065454142634:queue_receiver_weather_2\",\"Sid\":\"Allow SNS publish to SQS\"}],\"Version\":\"2012-10-17\"}",
            "queue_url": "https://sqs.eu-west-1.amazonaws.com/065454142634/queue_receiver_weather_2"
          },
          "sensitive_attributes": [],
          "private": "eyJzY2hlbWFfdmVyc2lvbiI6IjEifQ==",
          "dependencies": [
            "aws_sns_topic.topic_weather",
            "aws_sqs_queue.queue_2"
          ]
        }
      ]
    }
  ],
  "check_results": null
}
