{
  "version": 4,
  "terraform_version": "1.3.9",
  "serial": 35,
  "lineage": "7e1e865b-1e9f-d9a2-82d7-818ff7d2753e",
  "outputs": {},
  "resources": [
    {
      "mode": "managed",
      "type": "aws_appsync_api_key",
      "name": "appsync_api_key",
      "provider": "provider[\"registry.terraform.io/hashicorp/aws\"]",
      "instances": [
        {
          "schema_version": 0,
          "attributes": {
            "api_id": "fcjktjdobbfojl7fumrv4mfxgu",
            "description": "Managed by Terraform",
            "expires": "2023-06-21T10:00:00Z",
            "id": "fcjktjdobbfojl7fumrv4mfxgu:da2-lkvkxh7i5fantbcudhvd2rus74",
            "key": "da2-lkvkxh7i5fantbcudhvd2rus74"
          },
          "sensitive_attributes": [],
          "private": "bnVsbA==",
          "dependencies": [
            "aws_appsync_graphql_api.appsync_kata"
          ]
        }
      ]
    },
    {
      "mode": "managed",
      "type": "aws_appsync_datasource",
      "name": "datasource-dynamodb",
      "provider": "provider[\"registry.terraform.io/hashicorp/aws\"]",
      "instances": [
        {
          "schema_version": 0,
          "attributes": {
            "api_id": "fcjktjdobbfojl7fumrv4mfxgu",
            "arn": "arn:aws:appsync:eu-west-1:065454142634:apis/fcjktjdobbfojl7fumrv4mfxgu/datasources/tf_appsync_example",
            "description": "",
            "dynamodb_config": [
              {
                "delta_sync_config": [],
                "region": "eu-west-1",
                "table_name": "kata-appsync-test",
                "use_caller_credentials": false,
                "versioned": false
              }
            ],
            "elasticsearch_config": [],
            "event_bridge_config": [],
            "http_config": [],
            "id": "fcjktjdobbfojl7fumrv4mfxgu-tf_appsync_example",
            "lambda_config": [],
            "name": "tf_appsync_example",
            "opensearchservice_config": [],
            "relational_database_config": [],
            "service_role_arn": "arn:aws:iam::065454142634:role/example",
            "type": "AMAZON_DYNAMODB"
          },
          "sensitive_attributes": [],
          "private": "bnVsbA==",
          "dependencies": [
            "aws_appsync_graphql_api.appsync_kata",
            "aws_dynamodb_table.database-appsync-users",
            "aws_iam_role.example"
          ]
        }
      ]
    },
    {
      "mode": "managed",
      "type": "aws_appsync_graphql_api",
      "name": "appsync_kata",
      "provider": "provider[\"registry.terraform.io/hashicorp/aws\"]",
      "instances": [
        {
          "schema_version": 0,
          "attributes": {
            "additional_authentication_provider": [],
            "arn": "arn:aws:appsync:eu-west-1:065454142634:apis/fcjktjdobbfojl7fumrv4mfxgu",
            "authentication_type": "API_KEY",
            "id": "fcjktjdobbfojl7fumrv4mfxgu",
            "lambda_authorizer_config": [],
            "log_config": [],
            "name": "appsync-kata-app",
            "openid_connect_config": [],
            "schema": "\ntype Mutation {\n  putUser(id: ID!, name: String!, age: Int!, city: String!): User\n}\n\ntype User {\n  id: ID!\n  name: String\n  age: Int,\n  city: String\n}\n\ntype Query {\n  getUser(id: ID!): User\n}\n\nschema {\n  query: Query\n  mutation: Mutation\n}",
            "tags": {},
            "tags_all": {},
            "uris": {
              "GRAPHQL": "https://gvazkwxpm5fjnisulrprrrgkje.appsync-api.eu-west-1.amazonaws.com/graphql",
              "REALTIME": "wss://gvazkwxpm5fjnisulrprrrgkje.appsync-realtime-api.eu-west-1.amazonaws.com/graphql"
            },
            "user_pool_config": [],
            "visibility": "GLOBAL",
            "xray_enabled": false
          },
          "sensitive_attributes": [],
          "private": "bnVsbA=="
        }
      ]
    },
    {
      "mode": "managed",
      "type": "aws_appsync_resolver",
      "name": "get_user_resolver",
      "provider": "provider[\"registry.terraform.io/hashicorp/aws\"]",
      "instances": [
        {
          "schema_version": 0,
          "attributes": {
            "api_id": "fcjktjdobbfojl7fumrv4mfxgu",
            "arn": "arn:aws:appsync:eu-west-1:065454142634:apis/fcjktjdobbfojl7fumrv4mfxgu/types/Query/resolvers/getUser",
            "caching_config": [],
            "code": "",
            "data_source": "tf_appsync_example",
            "field": "getUser",
            "id": "fcjktjdobbfojl7fumrv4mfxgu-Query-getUser",
            "kind": "UNIT",
            "max_batch_size": 0,
            "pipeline_config": [],
            "request_template": "{\n  \"version\": \"2017-02-28\",\n  \"operation\": \"GetItem\",\n  \"key\": {\n    \"id\": $util.dynamodb.toDynamoDBJson($ctx.args.id)\n  }\n}\n",
            "response_template": "$util.toJson($ctx.result)",
            "runtime": [],
            "sync_config": [],
            "type": "Query"
          },
          "sensitive_attributes": [],
          "private": "bnVsbA==",
          "dependencies": [
            "aws_appsync_datasource.datasource-dynamodb",
            "aws_appsync_graphql_api.appsync_kata"
          ]
        }
      ]
    },
    {
      "mode": "managed",
      "type": "aws_appsync_resolver",
      "name": "put_user_mutator",
      "provider": "provider[\"registry.terraform.io/hashicorp/aws\"]",
      "instances": [
        {
          "schema_version": 0,
          "attributes": {
            "api_id": "fcjktjdobbfojl7fumrv4mfxgu",
            "arn": "arn:aws:appsync:eu-west-1:065454142634:apis/fcjktjdobbfojl7fumrv4mfxgu/types/Mutation/resolvers/putUser",
            "caching_config": [],
            "code": "",
            "data_source": "tf_appsync_example",
            "field": "putUser",
            "id": "fcjktjdobbfojl7fumrv4mfxgu-Mutation-putUser",
            "kind": "UNIT",
            "max_batch_size": 0,
            "pipeline_config": [],
            "request_template": "{\n  \"version\": \"2017-02-28\",\n  \"operation\": \"PutItem\",\n  \"key\": {\n    \"id\": $util.dynamodb.toDynamoDBJson($ctx.args.input.id)\n  },\n  \"attributeValues\": $util.dynamodb.toMapValuesJson($ctx.args.input)\n}\n",
            "response_template": "$util.toJson($ctx.result)",
            "runtime": [],
            "sync_config": [],
            "type": "Mutation"
          },
          "sensitive_attributes": [],
          "private": "bnVsbA==",
          "dependencies": [
            "aws_appsync_datasource.datasource-dynamodb",
            "aws_appsync_graphql_api.appsync_kata"
          ]
        }
      ]
    },
    {
      "mode": "managed",
      "type": "aws_dynamodb_table",
      "name": "database-appsync-users",
      "provider": "provider[\"registry.terraform.io/hashicorp/aws\"]",
      "instances": [
        {
          "schema_version": 1,
          "attributes": {
            "arn": "arn:aws:dynamodb:eu-west-1:065454142634:table/kata-appsync-test",
            "attribute": [
              {
                "name": "id",
                "type": "S"
              }
            ],
            "billing_mode": "PAY_PER_REQUEST",
            "deletion_protection_enabled": false,
            "global_secondary_index": [],
            "hash_key": "id",
            "id": "kata-appsync-test",
            "local_secondary_index": [],
            "name": "kata-appsync-test",
            "point_in_time_recovery": [
              {
                "enabled": false
              }
            ],
            "range_key": null,
            "read_capacity": 0,
            "replica": [],
            "restore_date_time": null,
            "restore_source_name": null,
            "restore_to_latest_time": null,
            "server_side_encryption": [],
            "stream_arn": "",
            "stream_enabled": false,
            "stream_label": "",
            "stream_view_type": "",
            "table_class": "STANDARD",
            "tags": {
              "Environment": "dev"
            },
            "tags_all": {
              "Environment": "dev"
            },
            "timeouts": null,
            "ttl": [
              {
                "attribute_name": "",
                "enabled": false
              }
            ],
            "write_capacity": 0
          },
          "sensitive_attributes": [],
          "private": "eyJlMmJmYjczMC1lY2FhLTExZTYtOGY4OC0zNDM2M2JjN2M0YzAiOnsiY3JlYXRlIjoxODAwMDAwMDAwMDAwLCJkZWxldGUiOjYwMDAwMDAwMDAwMCwidXBkYXRlIjozNjAwMDAwMDAwMDAwfSwic2NoZW1hX3ZlcnNpb24iOiIxIn0="
        }
      ]
    },
    {
      "mode": "managed",
      "type": "aws_dynamodb_table_item",
      "name": "item1",
      "provider": "provider[\"registry.terraform.io/hashicorp/aws\"]",
      "instances": [
        {
          "schema_version": 0,
          "attributes": {
            "hash_key": "id",
            "id": "kata-appsync-test|id||123456|",
            "item": "{\n  \"id\": {\"S\": \"123456\"},\n  \"name\": {\"S\": \"Joan\"},\n  \"age\": {\"N\": \"20\"},\n  \"city\": {\"S\": \"Lisbon\"}\n}\n",
            "range_key": null,
            "table_name": "kata-appsync-test"
          },
          "sensitive_attributes": [],
          "private": "bnVsbA==",
          "dependencies": [
            "aws_dynamodb_table.database-appsync-users"
          ]
        }
      ]
    },
    {
      "mode": "managed",
      "type": "aws_dynamodb_table_item",
      "name": "item2",
      "provider": "provider[\"registry.terraform.io/hashicorp/aws\"]",
      "instances": [
        {
          "schema_version": 0,
          "attributes": {
            "hash_key": "id",
            "id": "kata-appsync-test|id||123457|",
            "item": "{\n  \"id\": {\"S\": \"123457\"},\n  \"name\": {\"S\": \"Anthony\"},\n  \"age\": {\"N\": \"35\"},\n  \"city\": {\"S\": \"Madrid\"}\n}\n",
            "range_key": null,
            "table_name": "kata-appsync-test"
          },
          "sensitive_attributes": [],
          "private": "bnVsbA==",
          "dependencies": [
            "aws_dynamodb_table.database-appsync-users"
          ]
        }
      ]
    },
    {
      "mode": "managed",
      "type": "aws_dynamodb_table_item",
      "name": "item3",
      "provider": "provider[\"registry.terraform.io/hashicorp/aws\"]",
      "instances": [
        {
          "schema_version": 0,
          "attributes": {
            "hash_key": "id",
            "id": "kata-appsync-test|id||123458|",
            "item": "{\n  \"id\": {\"S\": \"123458\"},\n  \"name\": {\"S\": \"Peter\"},\n  \"age\": {\"N\": \"32\"},\n  \"city\": {\"S\": \"London\"}\n}\n",
            "range_key": null,
            "table_name": "kata-appsync-test"
          },
          "sensitive_attributes": [],
          "private": "bnVsbA==",
          "dependencies": [
            "aws_dynamodb_table.database-appsync-users"
          ]
        }
      ]
    },
    {
      "mode": "managed",
      "type": "aws_iam_role",
      "name": "example",
      "provider": "provider[\"registry.terraform.io/hashicorp/aws\"]",
      "instances": [
        {
          "schema_version": 0,
          "attributes": {
            "arn": "arn:aws:iam::065454142634:role/example",
            "assume_role_policy": "{\"Statement\":[{\"Action\":\"sts:AssumeRole\",\"Effect\":\"Allow\",\"Principal\":{\"Service\":\"appsync.amazonaws.com\"}}],\"Version\":\"2012-10-17\"}",
            "create_date": "2023-06-14T12:09:03Z",
            "description": "",
            "force_detach_policies": false,
            "id": "example",
            "inline_policy": [
              {
                "name": "example",
                "policy": "{\"Version\":\"2012-10-17\",\"Statement\":[{\"Action\":[\"dynamodb:*\"],\"Effect\":\"Allow\",\"Resource\":[\"arn:aws:dynamodb:eu-west-1:065454142634:table/kata-appsync-test\"]}]}"
              }
            ],
            "managed_policy_arns": [],
            "max_session_duration": 3600,
            "name": "example",
            "name_prefix": "",
            "path": "/",
            "permissions_boundary": null,
            "tags": {},
            "tags_all": {},
            "unique_id": "AROAQ6PK66SVMGIFLS3S3"
          },
          "sensitive_attributes": [],
          "private": "bnVsbA=="
        }
      ]
    },
    {
      "mode": "managed",
      "type": "aws_iam_role_policy",
      "name": "example",
      "provider": "provider[\"registry.terraform.io/hashicorp/aws\"]",
      "instances": [
        {
          "schema_version": 0,
          "attributes": {
            "id": "example:example",
            "name": "example",
            "name_prefix": null,
            "policy": "{\"Version\":\"2012-10-17\",\"Statement\":[{\"Action\":[\"dynamodb:*\"],\"Effect\":\"Allow\",\"Resource\":[\"arn:aws:dynamodb:eu-west-1:065454142634:table/kata-appsync-test\"]}]}",
            "role": "example"
          },
          "sensitive_attributes": [],
          "private": "bnVsbA==",
          "dependencies": [
            "aws_dynamodb_table.database-appsync-users",
            "aws_iam_role.example"
          ]
        }
      ]
    }
  ],
  "check_results": null
}
