{
  "version": 4,
  "terraform_version": "1.3.9",
  "serial": 136,
  "lineage": "7e1e865b-1e9f-d9a2-82d7-818ff7d2753e",
  "outputs": {},
  "resources": [
    {
      "mode": "data",
      "type": "archive_file",
      "name": "zip",
      "provider": "provider[\"registry.terraform.io/hashicorp/archive\"]",
      "instances": [
        {
          "schema_version": 0,
          "attributes": {
            "exclude_symlink_directories": null,
            "excludes": null,
            "id": "dfd6c0c8f32208b7fab6d8d1b3b1b3460f3a2cab",
            "output_base64sha256": "BBEp9Tpbv0CvKwNONbk/TEsnx53awLGKNtJsXvlj0dk=",
            "output_base64sha512": "5T//Zj+xsyV8OvlvHQVN4vZToH8RolsM8NhZcllIqvH2UtLyaG9dOFNHSeU0oJEjAPsmxgoeTkC2MdT4YdMAag==",
            "output_file_mode": null,
            "output_md5": "ffdbc694d16a35a5b70865e91d4164f2",
            "output_path": "../dist/lambda-randomizer.zip",
            "output_sha": "dfd6c0c8f32208b7fab6d8d1b3b1b3460f3a2cab",
            "output_sha256": "041129f53a5bbf40af2b034e35b93f4c4b27c79ddac0b18a36d26c5ef963d1d9",
            "output_sha512": "e53fff663fb1b3257c3af96f1d054de2f653a07f11a25b0cf0d859725948aaf1f652d2f2686f5d38534749e534a0912300fb26c60a1e4e40b631d4f861d3006a",
            "output_size": 270,
            "source": [],
            "source_content": null,
            "source_content_filename": null,
            "source_dir": null,
            "source_file": "../dist/lambda-randomizer.js",
            "type": "zip"
          },
          "sensitive_attributes": []
        }
      ]
    },
    {
      "mode": "data",
      "type": "aws_iam_policy_document",
      "name": "policy_execute_lambda_randomizer",
      "provider": "provider[\"registry.terraform.io/hashicorp/aws\"]",
      "instances": [
        {
          "schema_version": 0,
          "attributes": {
            "id": "2690255455",
            "json": "{\n  \"Version\": \"2012-10-17\",\n  \"Statement\": [\n    {\n      \"Effect\": \"Allow\",\n      \"Action\": \"sts:AssumeRole\",\n      \"Principal\": {\n        \"Service\": \"lambda.amazonaws.com\"\n      }\n    }\n  ]\n}",
            "override_policy_documents": null,
            "policy_id": null,
            "source_policy_documents": null,
            "statement": [
              {
                "actions": [
                  "sts:AssumeRole"
                ],
                "condition": [],
                "effect": "Allow",
                "not_actions": [],
                "not_principals": [],
                "not_resources": [],
                "principals": [
                  {
                    "identifiers": [
                      "lambda.amazonaws.com"
                    ],
                    "type": "Service"
                  }
                ],
                "resources": [],
                "sid": ""
              }
            ],
            "version": "2012-10-17"
          },
          "sensitive_attributes": []
        }
      ]
    },
    {
      "mode": "managed",
      "type": "aws_appsync_api_key",
      "name": "appsync_api_key",
      "provider": "provider[\"registry.terraform.io/hashicorp/aws\"]",
      "instances": [
        {
          "schema_version": 0,
          "attributes": {
            "api_id": "gob74prh35bxxokmi6qevnt5wq",
            "description": "Managed by Terraform",
            "expires": "2023-06-21T21:00:00Z",
            "id": "gob74prh35bxxokmi6qevnt5wq:da2-uyi45heeivfwxjxonrfebgrram",
            "key": "da2-uyi45heeivfwxjxonrfebgrram"
          },
          "sensitive_attributes": [],
          "private": "bnVsbA==",
          "dependencies": [
            "aws_appsync_graphql_api.appsync_kata"
          ]
        }
      ]
    },
    {
      "mode": "managed",
      "type": "aws_appsync_datasource",
      "name": "datasource-dynamodb",
      "provider": "provider[\"registry.terraform.io/hashicorp/aws\"]",
      "instances": [
        {
          "schema_version": 0,
          "attributes": {
            "api_id": "gob74prh35bxxokmi6qevnt5wq",
            "arn": "arn:aws:appsync:eu-west-1:065454142634:apis/gob74prh35bxxokmi6qevnt5wq/datasources/datasource_dynamodb_users",
            "description": "",
            "dynamodb_config": [
              {
                "delta_sync_config": [],
                "region": "eu-west-1",
                "table_name": "kata-appsync-table-users",
                "use_caller_credentials": false,
                "versioned": false
              }
            ],
            "elasticsearch_config": [],
            "event_bridge_config": [],
            "http_config": [],
            "id": "gob74prh35bxxokmi6qevnt5wq-datasource_dynamodb_users",
            "lambda_config": [],
            "name": "datasource_dynamodb_users",
            "opensearchservice_config": [],
            "relational_database_config": [],
            "service_role_arn": "arn:aws:iam::065454142634:role/example",
            "type": "AMAZON_DYNAMODB"
          },
          "sensitive_attributes": [],
          "private": "bnVsbA==",
          "dependencies": [
            "aws_appsync_graphql_api.appsync_kata",
            "aws_dynamodb_table.database-appsync-users",
            "aws_iam_role.example"
          ]
        }
      ]
    },
    {
      "mode": "managed",
      "type": "aws_appsync_datasource",
      "name": "datasource-lambda",
      "provider": "provider[\"registry.terraform.io/hashicorp/aws\"]",
      "instances": [
        {
          "schema_version": 0,
          "attributes": {
            "api_id": "gob74prh35bxxokmi6qevnt5wq",
            "arn": "arn:aws:appsync:eu-west-1:065454142634:apis/gob74prh35bxxokmi6qevnt5wq/datasources/datasource_lambda_randomizer",
            "description": "",
            "dynamodb_config": [],
            "elasticsearch_config": [],
            "event_bridge_config": [],
            "http_config": [],
            "id": "gob74prh35bxxokmi6qevnt5wq-datasource_lambda_randomizer",
            "lambda_config": [
              {
                "function_arn": "arn:aws:lambda:eu-west-1:065454142634:function:handler_randomizer"
              }
            ],
            "name": "datasource_lambda_randomizer",
            "opensearchservice_config": [],
            "relational_database_config": [],
            "service_role_arn": "arn:aws:iam::065454142634:role/example",
            "type": "AWS_LAMBDA"
          },
          "sensitive_attributes": [],
          "private": "bnVsbA==",
          "dependencies": [
            "aws_appsync_graphql_api.appsync_kata",
            "aws_iam_role.example",
            "aws_iam_role.iam_for_lambda",
            "aws_lambda_function.lambda_datasource",
            "data.archive_file.zip",
            "data.aws_iam_policy_document.policy_execute_lambda_randomizer"
          ]
        }
      ]
    },
    {
      "mode": "managed",
      "type": "aws_appsync_graphql_api",
      "name": "appsync_kata",
      "provider": "provider[\"registry.terraform.io/hashicorp/aws\"]",
      "instances": [
        {
          "schema_version": 0,
          "attributes": {
            "additional_authentication_provider": [],
            "arn": "arn:aws:appsync:eu-west-1:065454142634:apis/gob74prh35bxxokmi6qevnt5wq",
            "authentication_type": "API_KEY",
            "id": "gob74prh35bxxokmi6qevnt5wq",
            "lambda_authorizer_config": [],
            "log_config": [],
            "name": "appsync-kata-app",
            "openid_connect_config": [],
            "schema": "\ntype Mutation {\n  putUser(id: ID!, name: String!, age: Int!, city: String!): User\n}\n\ntype User {\n  id: ID!\n  name: String\n  age: Int,\n  city: String\n}\n\ntype Random {\n  number: Int\n}\n\ntype Query {\n  getUser(id: ID!): User\n  getRandom: Int\n}\n\nschema {\n  query: Query\n  mutation: Mutation\n}",
            "tags": {},
            "tags_all": {},
            "uris": {
              "GRAPHQL": "https://m3wokqvazbbrhn6ynipusswkky.appsync-api.eu-west-1.amazonaws.com/graphql",
              "REALTIME": "wss://m3wokqvazbbrhn6ynipusswkky.appsync-realtime-api.eu-west-1.amazonaws.com/graphql"
            },
            "user_pool_config": [],
            "visibility": "GLOBAL",
            "xray_enabled": false
          },
          "sensitive_attributes": [],
          "private": "bnVsbA=="
        }
      ]
    },
    {
      "mode": "managed",
      "type": "aws_appsync_resolver",
      "name": "get_random_resolver",
      "provider": "provider[\"registry.terraform.io/hashicorp/aws\"]",
      "instances": [
        {
          "schema_version": 0,
          "attributes": {
            "api_id": "gob74prh35bxxokmi6qevnt5wq",
            "arn": "arn:aws:appsync:eu-west-1:065454142634:apis/gob74prh35bxxokmi6qevnt5wq/types/Query/resolvers/getRandom",
            "caching_config": [],
            "code": "",
            "data_source": "datasource_lambda_randomizer",
            "field": "getRandom",
            "id": "gob74prh35bxxokmi6qevnt5wq-Query-getRandom",
            "kind": "UNIT",
            "max_batch_size": 0,
            "pipeline_config": [],
            "request_template": "",
            "response_template": "    $util.toJson($ctx.result)\n",
            "runtime": [],
            "sync_config": [],
            "type": "Query"
          },
          "sensitive_attributes": [],
          "private": "bnVsbA==",
          "dependencies": [
            "aws_appsync_datasource.datasource-lambda",
            "aws_appsync_graphql_api.appsync_kata"
          ]
        }
      ]
    },
    {
      "mode": "managed",
      "type": "aws_appsync_resolver",
      "name": "get_user_resolver",
      "provider": "provider[\"registry.terraform.io/hashicorp/aws\"]",
      "instances": [
        {
          "schema_version": 0,
          "attributes": {
            "api_id": "gob74prh35bxxokmi6qevnt5wq",
            "arn": "arn:aws:appsync:eu-west-1:065454142634:apis/gob74prh35bxxokmi6qevnt5wq/types/Query/resolvers/getUser",
            "caching_config": [],
            "code": "",
            "data_source": "datasource_dynamodb_users",
            "field": "getUser",
            "id": "gob74prh35bxxokmi6qevnt5wq-Query-getUser",
            "kind": "UNIT",
            "max_batch_size": 0,
            "pipeline_config": [],
            "request_template": "{\n  \"version\": \"2017-02-28\",\n  \"operation\": \"GetItem\",\n  \"key\": {\n    \"id\": $util.dynamodb.toDynamoDBJson($ctx.args.id)\n  }\n}\n",
            "response_template": "$util.toJson($ctx.result)",
            "runtime": [],
            "sync_config": [],
            "type": "Query"
          },
          "sensitive_attributes": [],
          "private": "bnVsbA==",
          "dependencies": [
            "aws_appsync_datasource.datasource-dynamodb",
            "aws_appsync_graphql_api.appsync_kata",
            "aws_dynamodb_table.database-appsync-users",
            "aws_iam_role.example"
          ]
        }
      ]
    },
    {
      "mode": "managed",
      "type": "aws_appsync_resolver",
      "name": "put_user_mutator",
      "provider": "provider[\"registry.terraform.io/hashicorp/aws\"]",
      "instances": [
        {
          "schema_version": 0,
          "attributes": {
            "api_id": "gob74prh35bxxokmi6qevnt5wq",
            "arn": "arn:aws:appsync:eu-west-1:065454142634:apis/gob74prh35bxxokmi6qevnt5wq/types/Mutation/resolvers/putUser",
            "caching_config": [],
            "code": "",
            "data_source": "datasource_dynamodb_users",
            "field": "putUser",
            "id": "gob74prh35bxxokmi6qevnt5wq-Mutation-putUser",
            "kind": "UNIT",
            "max_batch_size": 0,
            "pipeline_config": [],
            "request_template": "{\n  \"version\": \"2017-02-28\",\n  \"operation\": \"PutItem\",\n  \"key\": {\n    \"id\": $util.dynamodb.toDynamoDBJson($ctx.args.id)\n  },\n  \"attributeValues\": $util.dynamodb.toMapValuesJson($ctx.args)\n}\n",
            "response_template": "$util.toJson($ctx.result)",
            "runtime": [],
            "sync_config": [],
            "type": "Mutation"
          },
          "sensitive_attributes": [],
          "private": "bnVsbA==",
          "dependencies": [
            "aws_appsync_datasource.datasource-dynamodb",
            "aws_appsync_graphql_api.appsync_kata",
            "aws_dynamodb_table.database-appsync-users",
            "aws_iam_role.example"
          ]
        }
      ]
    },
    {
      "mode": "managed",
      "type": "aws_dynamodb_table",
      "name": "database-appsync-users",
      "provider": "provider[\"registry.terraform.io/hashicorp/aws\"]",
      "instances": [
        {
          "schema_version": 1,
          "attributes": {
            "arn": "arn:aws:dynamodb:eu-west-1:065454142634:table/kata-appsync-table-users",
            "attribute": [
              {
                "name": "id",
                "type": "S"
              }
            ],
            "billing_mode": "PAY_PER_REQUEST",
            "deletion_protection_enabled": false,
            "global_secondary_index": [],
            "hash_key": "id",
            "id": "kata-appsync-table-users",
            "local_secondary_index": [],
            "name": "kata-appsync-table-users",
            "point_in_time_recovery": [
              {
                "enabled": false
              }
            ],
            "range_key": null,
            "read_capacity": 0,
            "replica": [],
            "restore_date_time": null,
            "restore_source_name": null,
            "restore_to_latest_time": null,
            "server_side_encryption": [],
            "stream_arn": "",
            "stream_enabled": false,
            "stream_label": "",
            "stream_view_type": "",
            "table_class": "STANDARD",
            "tags": {
              "Environment": "dev"
            },
            "tags_all": {
              "Environment": "dev"
            },
            "timeouts": null,
            "ttl": [
              {
                "attribute_name": "",
                "enabled": false
              }
            ],
            "write_capacity": 0
          },
          "sensitive_attributes": [],
          "private": "eyJlMmJmYjczMC1lY2FhLTExZTYtOGY4OC0zNDM2M2JjN2M0YzAiOnsiY3JlYXRlIjoxODAwMDAwMDAwMDAwLCJkZWxldGUiOjYwMDAwMDAwMDAwMCwidXBkYXRlIjozNjAwMDAwMDAwMDAwfSwic2NoZW1hX3ZlcnNpb24iOiIxIn0="
        }
      ]
    },
    {
      "mode": "managed",
      "type": "aws_dynamodb_table_item",
      "name": "item1",
      "provider": "provider[\"registry.terraform.io/hashicorp/aws\"]",
      "instances": [
        {
          "schema_version": 0,
          "attributes": {
            "hash_key": "id",
            "id": "kata-appsync-table-users|id||123456|",
            "item": "{\n  \"id\": {\"S\": \"123456\"},\n  \"name\": {\"S\": \"Joan\"},\n  \"age\": {\"N\": \"20\"},\n  \"city\": {\"S\": \"Lisbon\"}\n}\n",
            "range_key": null,
            "table_name": "kata-appsync-table-users"
          },
          "sensitive_attributes": [],
          "private": "bnVsbA==",
          "dependencies": [
            "aws_dynamodb_table.database-appsync-users"
          ]
        }
      ]
    },
    {
      "mode": "managed",
      "type": "aws_dynamodb_table_item",
      "name": "item2",
      "provider": "provider[\"registry.terraform.io/hashicorp/aws\"]",
      "instances": [
        {
          "schema_version": 0,
          "attributes": {
            "hash_key": "id",
            "id": "kata-appsync-table-users|id||123457|",
            "item": "{\n  \"id\": {\"S\": \"123457\"},\n  \"name\": {\"S\": \"Anthony\"},\n  \"age\": {\"N\": \"35\"},\n  \"city\": {\"S\": \"Madrid\"}\n}\n",
            "range_key": null,
            "table_name": "kata-appsync-table-users"
          },
          "sensitive_attributes": [],
          "private": "bnVsbA==",
          "dependencies": [
            "aws_dynamodb_table.database-appsync-users"
          ]
        }
      ]
    },
    {
      "mode": "managed",
      "type": "aws_dynamodb_table_item",
      "name": "item3",
      "provider": "provider[\"registry.terraform.io/hashicorp/aws\"]",
      "instances": [
        {
          "schema_version": 0,
          "attributes": {
            "hash_key": "id",
            "id": "kata-appsync-table-users|id||123458|",
            "item": "{\n  \"id\": {\"S\": \"123458\"},\n  \"name\": {\"S\": \"Peter\"},\n  \"age\": {\"N\": \"32\"},\n  \"city\": {\"S\": \"London\"}\n}\n",
            "range_key": null,
            "table_name": "kata-appsync-table-users"
          },
          "sensitive_attributes": [],
          "private": "bnVsbA==",
          "dependencies": [
            "aws_dynamodb_table.database-appsync-users"
          ]
        }
      ]
    },
    {
      "mode": "managed",
      "type": "aws_iam_role",
      "name": "example",
      "provider": "provider[\"registry.terraform.io/hashicorp/aws\"]",
      "instances": [
        {
          "schema_version": 0,
          "attributes": {
            "arn": "arn:aws:iam::065454142634:role/example",
            "assume_role_policy": "{\"Statement\":[{\"Action\":\"sts:AssumeRole\",\"Effect\":\"Allow\",\"Principal\":{\"Service\":\"appsync.amazonaws.com\"}}],\"Version\":\"2012-10-17\"}",
            "create_date": "2023-06-14T20:59:22Z",
            "description": "",
            "force_detach_policies": false,
            "id": "example",
            "inline_policy": [
              {
                "name": "example",
                "policy": "{\"Version\":\"2012-10-17\",\"Statement\":[{\"Action\":[\"dynamodb:*\"],\"Effect\":\"Allow\",\"Resource\":[\"arn:aws:dynamodb:eu-west-1:065454142634:table/kata-appsync-table-users\"]}]}"
              }
            ],
            "managed_policy_arns": [],
            "max_session_duration": 3600,
            "name": "example",
            "name_prefix": "",
            "path": "/",
            "permissions_boundary": null,
            "tags": {},
            "tags_all": {},
            "unique_id": "AROAQ6PK66SVCEVXET4V6"
          },
          "sensitive_attributes": [],
          "private": "bnVsbA=="
        }
      ]
    },
    {
      "mode": "managed",
      "type": "aws_iam_role",
      "name": "iam_for_lambda",
      "provider": "provider[\"registry.terraform.io/hashicorp/aws\"]",
      "instances": [
        {
          "schema_version": 0,
          "attributes": {
            "arn": "arn:aws:iam::065454142634:role/lambda_randomizer",
            "assume_role_policy": "{\"Statement\":[{\"Action\":\"sts:AssumeRole\",\"Effect\":\"Allow\",\"Principal\":{\"Service\":\"lambda.amazonaws.com\"}}],\"Version\":\"2012-10-17\"}",
            "create_date": "2023-06-14T20:59:22Z",
            "description": "",
            "force_detach_policies": false,
            "id": "lambda_randomizer",
            "inline_policy": [],
            "managed_policy_arns": [],
            "max_session_duration": 3600,
            "name": "lambda_randomizer",
            "name_prefix": "",
            "path": "/",
            "permissions_boundary": null,
            "tags": {},
            "tags_all": {},
            "unique_id": "AROAQ6PK66SVGMUOERJOR"
          },
          "sensitive_attributes": [],
          "private": "bnVsbA==",
          "dependencies": [
            "data.aws_iam_policy_document.policy_execute_lambda_randomizer"
          ]
        }
      ]
    },
    {
      "mode": "managed",
      "type": "aws_iam_role_policy",
      "name": "example",
      "provider": "provider[\"registry.terraform.io/hashicorp/aws\"]",
      "instances": [
        {
          "schema_version": 0,
          "attributes": {
            "id": "example:example",
            "name": "example",
            "name_prefix": null,
            "policy": "{\"Version\":\"2012-10-17\",\"Statement\":[{\"Action\":[\"dynamodb:*\"],\"Effect\":\"Allow\",\"Resource\":[\"arn:aws:dynamodb:eu-west-1:065454142634:table/kata-appsync-table-users\"]}]}",
            "role": "example"
          },
          "sensitive_attributes": [],
          "private": "bnVsbA==",
          "dependencies": [
            "aws_dynamodb_table.database-appsync-users",
            "aws_iam_role.example"
          ]
        }
      ]
    },
    {
      "mode": "managed",
      "type": "aws_lambda_function",
      "name": "lambda_datasource",
      "provider": "provider[\"registry.terraform.io/hashicorp/aws\"]",
      "instances": [
        {
          "schema_version": 0,
          "attributes": {
            "architectures": [
              "x86_64"
            ],
            "arn": "arn:aws:lambda:eu-west-1:065454142634:function:handler_randomizer",
            "code_signing_config_arn": "",
            "dead_letter_config": [],
            "description": "",
            "environment": [],
            "ephemeral_storage": [
              {
                "size": 512
              }
            ],
            "file_system_config": [],
            "filename": "../dist/lambda-randomizer.zip",
            "function_name": "handler_randomizer",
            "handler": "lambda-randomizer.handler",
            "id": "handler_randomizer",
            "image_config": [],
            "image_uri": "",
            "invoke_arn": "arn:aws:apigateway:eu-west-1:lambda:path/2015-03-31/functions/arn:aws:lambda:eu-west-1:065454142634:function:handler_randomizer/invocations",
            "kms_key_arn": "",
            "last_modified": "2023-06-14T20:59:39.681+0000",
            "layers": [],
            "memory_size": 128,
            "package_type": "Zip",
            "publish": false,
            "qualified_arn": "arn:aws:lambda:eu-west-1:065454142634:function:handler_randomizer:$LATEST",
            "qualified_invoke_arn": "arn:aws:apigateway:eu-west-1:lambda:path/2015-03-31/functions/arn:aws:lambda:eu-west-1:065454142634:function:handler_randomizer:$LATEST/invocations",
            "replace_security_groups_on_destroy": null,
            "replacement_security_group_ids": null,
            "reserved_concurrent_executions": -1,
            "role": "arn:aws:iam::065454142634:role/lambda_randomizer",
            "runtime": "nodejs16.x",
            "s3_bucket": null,
            "s3_key": null,
            "s3_object_version": null,
            "signing_job_arn": "",
            "signing_profile_version_arn": "",
            "skip_destroy": false,
            "snap_start": [],
            "source_code_hash": "BBEp9Tpbv0CvKwNONbk/TEsnx53awLGKNtJsXvlj0dk=",
            "source_code_size": 270,
            "tags": {},
            "tags_all": {},
            "timeout": 5,
            "timeouts": null,
            "tracing_config": [
              {
                "mode": "PassThrough"
              }
            ],
            "version": "$LATEST",
            "vpc_config": []
          },
          "sensitive_attributes": [],
          "private": "eyJlMmJmYjczMC1lY2FhLTExZTYtOGY4OC0zNDM2M2JjN2M0YzAiOnsiY3JlYXRlIjo2MDAwMDAwMDAwMDAsImRlbGV0ZSI6NjAwMDAwMDAwMDAwLCJ1cGRhdGUiOjYwMDAwMDAwMDAwMH19",
          "dependencies": [
            "aws_iam_role.iam_for_lambda",
            "data.archive_file.zip",
            "data.aws_iam_policy_document.policy_execute_lambda_randomizer"
          ]
        }
      ]
    }
  ],
  "check_results": null
}
