{
  "version": 4,
  "terraform_version": "1.3.9",
  "serial": 430,
  "lineage": "d2843382-eab1-0ea9-b9c6-2d69836de195",
  "outputs": {},
  "resources": [
    {
      "mode": "data",
      "type": "archive_file",
      "name": "zip",
      "provider": "provider[\"registry.terraform.io/hashicorp/archive\"]",
      "instances": [
        {
          "schema_version": 0,
          "attributes": {
            "excludes": null,
            "id": "752bc0dcc76147cdc12880360dd24de9b44d5dd0",
            "output_base64sha256": "B+FaI1yG+wm+BTdbDhBYgBjVTRKojtumkIGWfcnmAfY=",
            "output_file_mode": null,
            "output_md5": "b5f31a407a9b61d1a90db27476296f80",
            "output_path": "../dist/lambda-welcomer.zip",
            "output_sha": "752bc0dcc76147cdc12880360dd24de9b44d5dd0",
            "output_size": 329,
            "source": [],
            "source_content": null,
            "source_content_filename": null,
            "source_dir": null,
            "source_file": "../dist/lambda-welcomer.js",
            "type": "zip"
          },
          "sensitive_attributes": []
        }
      ]
    },
    {
      "mode": "data",
      "type": "archive_file",
      "name": "zip_lambda_auth",
      "provider": "provider[\"registry.terraform.io/hashicorp/archive\"]",
      "instances": [
        {
          "schema_version": 0,
          "attributes": {
            "excludes": null,
            "id": "92d99962141d1a678baf928c55f9649e57f3460c",
            "output_base64sha256": "Iy0/YSE/HUfYzvqwzZzkOA2XpvxO/U6cMRt5dxTynOc=",
            "output_file_mode": null,
            "output_md5": "c20709bbc5d62746d352eeca9fed281a",
            "output_path": "../dist/lambda-auth.zip",
            "output_sha": "92d99962141d1a678baf928c55f9649e57f3460c",
            "output_size": 578,
            "source": [],
            "source_content": null,
            "source_content_filename": null,
            "source_dir": null,
            "source_file": "../dist/lambda-auth.js",
            "type": "zip"
          },
          "sensitive_attributes": []
        }
      ]
    },
    {
      "mode": "data",
      "type": "aws_iam_policy_document",
      "name": "policy_execute_lambda_auth",
      "provider": "provider[\"registry.terraform.io/hashicorp/aws\"]",
      "instances": [
        {
          "schema_version": 0,
          "attributes": {
            "id": "3693445097",
            "json": "{\n  \"Version\": \"2012-10-17\",\n  \"Statement\": [\n    {\n      \"Sid\": \"\",\n      \"Effect\": \"Allow\",\n      \"Action\": \"sts:AssumeRole\",\n      \"Principal\": {\n        \"Service\": \"lambda.amazonaws.com\"\n      }\n    }\n  ]\n}",
            "override_json": null,
            "override_policy_documents": null,
            "policy_id": null,
            "source_json": null,
            "source_policy_documents": null,
            "statement": [
              {
                "actions": [
                  "sts:AssumeRole"
                ],
                "condition": [],
                "effect": "Allow",
                "not_actions": [],
                "not_principals": [],
                "not_resources": [],
                "principals": [
                  {
                    "identifiers": [
                      "lambda.amazonaws.com"
                    ],
                    "type": "Service"
                  }
                ],
                "resources": [],
                "sid": ""
              }
            ],
            "version": "2012-10-17"
          },
          "sensitive_attributes": []
        }
      ]
    },
    {
      "mode": "data",
      "type": "aws_iam_policy_document",
      "name": "policy_execute_lambda_welcomer",
      "provider": "provider[\"registry.terraform.io/hashicorp/aws\"]",
      "instances": [
        {
          "schema_version": 0,
          "attributes": {
            "id": "3693445097",
            "json": "{\n  \"Version\": \"2012-10-17\",\n  \"Statement\": [\n    {\n      \"Sid\": \"\",\n      \"Effect\": \"Allow\",\n      \"Action\": \"sts:AssumeRole\",\n      \"Principal\": {\n        \"Service\": \"lambda.amazonaws.com\"\n      }\n    }\n  ]\n}",
            "override_json": null,
            "override_policy_documents": null,
            "policy_id": null,
            "source_json": null,
            "source_policy_documents": null,
            "statement": [
              {
                "actions": [
                  "sts:AssumeRole"
                ],
                "condition": [],
                "effect": "Allow",
                "not_actions": [],
                "not_principals": [],
                "not_resources": [],
                "principals": [
                  {
                    "identifiers": [
                      "lambda.amazonaws.com"
                    ],
                    "type": "Service"
                  }
                ],
                "resources": [],
                "sid": ""
              }
            ],
            "version": "2012-10-17"
          },
          "sensitive_attributes": []
        }
      ]
    },
    {
      "mode": "managed",
      "type": "aws_api_gateway_authorizer",
      "name": "lambda_authorizer",
      "provider": "provider[\"registry.terraform.io/hashicorp/aws\"]",
      "instances": [
        {
          "schema_version": 0,
          "attributes": {
            "arn": "arn:aws:apigateway:eu-west-1::/restapis/owr9k5r8w5/authorizers/jgfhoq",
            "authorizer_credentials": "",
            "authorizer_result_ttl_in_seconds": 0,
            "authorizer_uri": "arn:aws:apigateway:eu-west-1:lambda:path/2015-03-31/functions/arn:aws:lambda:eu-west-1:065454142634:function:auth_lambda_function/invocations",
            "id": "jgfhoq",
            "identity_source": "method.request.header.authorization-token",
            "identity_validation_expression": "",
            "name": "my_lambda_authorizer",
            "provider_arns": [],
            "rest_api_id": "owr9k5r8w5",
            "type": "REQUEST"
          },
          "sensitive_attributes": [],
          "private": "bnVsbA==",
          "dependencies": [
            "aws_api_gateway_rest_api.simple_api_auth",
            "aws_iam_policy.lambda_policy_for_cloudwatch",
            "aws_iam_role.iam_for_lambda_auth",
            "aws_lambda_function.auth_lambda",
            "data.archive_file.zip_lambda_auth",
            "data.aws_iam_policy_document.policy_execute_lambda_auth"
          ]
        }
      ]
    },
    {
      "mode": "managed",
      "type": "aws_api_gateway_deployment",
      "name": "gateway_deployment",
      "provider": "provider[\"registry.terraform.io/hashicorp/aws\"]",
      "instances": [
        {
          "schema_version": 0,
          "attributes": {
            "created_date": "2023-04-17T14:42:14Z",
            "description": "",
            "execution_arn": "arn:aws:execute-api:eu-west-1:065454142634:owr9k5r8w5/prod",
            "id": "c2m7s0",
            "invoke_url": "https://owr9k5r8w5.execute-api.eu-west-1.amazonaws.com/prod",
            "rest_api_id": "owr9k5r8w5",
            "stage_description": null,
            "stage_name": "prod",
            "triggers": null,
            "variables": null
          },
          "sensitive_attributes": [],
          "private": "bnVsbA==",
          "dependencies": [
            "aws_api_gateway_authorizer.lambda_authorizer",
            "aws_api_gateway_integration.integration_api_gateway_get_welcome",
            "aws_api_gateway_method.method_get_welcome",
            "aws_api_gateway_resource.resource_welcome",
            "aws_api_gateway_rest_api.simple_api_auth",
            "aws_iam_policy.lambda_policy_for_cloudwatch",
            "aws_iam_role.iam_for_lambda",
            "aws_iam_role.iam_for_lambda_auth",
            "aws_lambda_function.auth_lambda",
            "aws_lambda_function.lambda_api_welcomer",
            "data.archive_file.zip",
            "data.archive_file.zip_lambda_auth",
            "data.aws_iam_policy_document.policy_execute_lambda_auth",
            "data.aws_iam_policy_document.policy_execute_lambda_welcomer"
          ]
        }
      ]
    },
    {
      "mode": "managed",
      "type": "aws_api_gateway_integration",
      "name": "integration_api_gateway_get_welcome",
      "provider": "provider[\"registry.terraform.io/hashicorp/aws\"]",
      "instances": [
        {
          "schema_version": 0,
          "attributes": {
            "cache_key_parameters": [],
            "cache_namespace": "mq8ufu",
            "connection_id": "",
            "connection_type": "INTERNET",
            "content_handling": "",
            "credentials": "",
            "http_method": "GET",
            "id": "agi-owr9k5r8w5-mq8ufu-GET",
            "integration_http_method": "POST",
            "passthrough_behavior": "WHEN_NO_MATCH",
            "request_parameters": {},
            "request_templates": {},
            "resource_id": "mq8ufu",
            "rest_api_id": "owr9k5r8w5",
            "timeout_milliseconds": 29000,
            "tls_config": [],
            "type": "AWS_PROXY",
            "uri": "arn:aws:apigateway:eu-west-1:lambda:path/2015-03-31/functions/arn:aws:lambda:eu-west-1:065454142634:function:handler_welcomer/invocations"
          },
          "sensitive_attributes": [],
          "private": "bnVsbA==",
          "dependencies": [
            "aws_api_gateway_authorizer.lambda_authorizer",
            "aws_api_gateway_method.method_get_welcome",
            "aws_api_gateway_resource.resource_welcome",
            "aws_api_gateway_rest_api.simple_api_auth",
            "aws_iam_policy.lambda_policy_for_cloudwatch",
            "aws_iam_role.iam_for_lambda",
            "aws_iam_role.iam_for_lambda_auth",
            "aws_lambda_function.auth_lambda",
            "aws_lambda_function.lambda_api_welcomer",
            "data.archive_file.zip",
            "data.archive_file.zip_lambda_auth",
            "data.aws_iam_policy_document.policy_execute_lambda_auth",
            "data.aws_iam_policy_document.policy_execute_lambda_welcomer"
          ]
        }
      ]
    },
    {
      "mode": "managed",
      "type": "aws_api_gateway_method",
      "name": "method_get_welcome",
      "provider": "provider[\"registry.terraform.io/hashicorp/aws\"]",
      "instances": [
        {
          "schema_version": 0,
          "attributes": {
            "api_key_required": false,
            "authorization": "CUSTOM",
            "authorization_scopes": [],
            "authorizer_id": "jgfhoq",
            "http_method": "GET",
            "id": "agm-owr9k5r8w5-mq8ufu-GET",
            "operation_name": "",
            "request_models": {},
            "request_parameters": {},
            "request_validator_id": "",
            "resource_id": "mq8ufu",
            "rest_api_id": "owr9k5r8w5"
          },
          "sensitive_attributes": [],
          "private": "bnVsbA==",
          "dependencies": [
            "aws_api_gateway_authorizer.lambda_authorizer",
            "aws_api_gateway_resource.resource_welcome",
            "aws_api_gateway_rest_api.simple_api_auth",
            "aws_iam_policy.lambda_policy_for_cloudwatch",
            "aws_iam_role.iam_for_lambda_auth",
            "aws_lambda_function.auth_lambda",
            "data.archive_file.zip_lambda_auth",
            "data.aws_iam_policy_document.policy_execute_lambda_auth"
          ]
        }
      ]
    },
    {
      "mode": "managed",
      "type": "aws_api_gateway_resource",
      "name": "resource_welcome",
      "provider": "provider[\"registry.terraform.io/hashicorp/aws\"]",
      "instances": [
        {
          "schema_version": 0,
          "attributes": {
            "id": "mq8ufu",
            "parent_id": "jrjedt5fec",
            "path": "/{welcome+}",
            "path_part": "{welcome+}",
            "rest_api_id": "owr9k5r8w5"
          },
          "sensitive_attributes": [],
          "private": "bnVsbA==",
          "dependencies": [
            "aws_api_gateway_rest_api.simple_api_auth"
          ]
        }
      ]
    },
    {
      "mode": "managed",
      "type": "aws_api_gateway_rest_api",
      "name": "simple_api_auth",
      "provider": "provider[\"registry.terraform.io/hashicorp/aws\"]",
      "instances": [
        {
          "schema_version": 0,
          "attributes": {
            "api_key_source": "HEADER",
            "arn": "arn:aws:apigateway:eu-west-1::/restapis/owr9k5r8w5",
            "binary_media_types": [],
            "body": null,
            "created_date": "2023-04-17T14:41:54Z",
            "description": "Example API Gateway lambda authorizer",
            "disable_execute_api_endpoint": false,
            "endpoint_configuration": [
              {
                "types": [
                  "EDGE"
                ],
                "vpc_endpoint_ids": []
              }
            ],
            "execution_arn": "arn:aws:execute-api:eu-west-1:065454142634:owr9k5r8w5",
            "fail_on_warnings": null,
            "id": "owr9k5r8w5",
            "minimum_compression_size": -1,
            "name": "simple_api_auth",
            "parameters": null,
            "policy": "",
            "put_rest_api_mode": null,
            "root_resource_id": "jrjedt5fec",
            "tags": {},
            "tags_all": {}
          },
          "sensitive_attributes": [],
          "private": "bnVsbA=="
        }
      ]
    },
    {
      "mode": "managed",
      "type": "aws_iam_policy",
      "name": "lambda_policy_for_cloudwatch",
      "provider": "provider[\"registry.terraform.io/hashicorp/aws\"]",
      "instances": [
        {
          "schema_version": 0,
          "attributes": {
            "arn": "arn:aws:iam::065454142634:policy/lambda_publish_cloudwatch_policy20230417144153588300000001",
            "description": "",
            "id": "arn:aws:iam::065454142634:policy/lambda_publish_cloudwatch_policy20230417144153588300000001",
            "name": "lambda_publish_cloudwatch_policy20230417144153588300000001",
            "name_prefix": "lambda_publish_cloudwatch_policy",
            "path": "/",
            "policy": "{\"Statement\":[{\"Action\":[\"logs:CreateLogGroup\",\"logs:CreateLogStream\",\"logs:PutLogEvents\"],\"Effect\":\"Allow\",\"Resource\":\"arn:aws:logs:*:*:*\"}],\"Version\":\"2012-10-17\"}",
            "policy_id": "ANPAQ6PK66SVIAYWZP2LL",
            "tags": {},
            "tags_all": {}
          },
          "sensitive_attributes": [],
          "private": "bnVsbA=="
        }
      ]
    },
    {
      "mode": "managed",
      "type": "aws_iam_role",
      "name": "iam_for_lambda",
      "provider": "provider[\"registry.terraform.io/hashicorp/aws\"]",
      "instances": [
        {
          "schema_version": 0,
          "attributes": {
            "arn": "arn:aws:iam::065454142634:role/lambda_role_scraper",
            "assume_role_policy": "{\"Statement\":[{\"Action\":\"sts:AssumeRole\",\"Effect\":\"Allow\",\"Principal\":{\"Service\":\"lambda.amazonaws.com\"},\"Sid\":\"\"}],\"Version\":\"2012-10-17\"}",
            "create_date": "2023-04-17T14:41:54Z",
            "description": "",
            "force_detach_policies": false,
            "id": "lambda_role_scraper",
            "inline_policy": [],
            "managed_policy_arns": [],
            "max_session_duration": 3600,
            "name": "lambda_role_scraper",
            "name_prefix": "",
            "path": "/",
            "permissions_boundary": null,
            "tags": {},
            "tags_all": {},
            "unique_id": "AROAQ6PK66SVIV47MHCEC"
          },
          "sensitive_attributes": [],
          "private": "bnVsbA==",
          "dependencies": [
            "data.aws_iam_policy_document.policy_execute_lambda_welcomer"
          ]
        }
      ]
    },
    {
      "mode": "managed",
      "type": "aws_iam_role",
      "name": "iam_for_lambda_auth",
      "provider": "provider[\"registry.terraform.io/hashicorp/aws\"]",
      "instances": [
        {
          "schema_version": 0,
          "attributes": {
            "arn": "arn:aws:iam::065454142634:role/lambda_role_auth",
            "assume_role_policy": "{\"Statement\":[{\"Action\":\"sts:AssumeRole\",\"Effect\":\"Allow\",\"Principal\":{\"Service\":\"lambda.amazonaws.com\"},\"Sid\":\"\"}],\"Version\":\"2012-10-17\"}",
            "create_date": "2023-04-17T14:41:54Z",
            "description": "",
            "force_detach_policies": false,
            "id": "lambda_role_auth",
            "inline_policy": [],
            "managed_policy_arns": [
              "arn:aws:iam::065454142634:policy/lambda_publish_cloudwatch_policy20230417144153588300000001"
            ],
            "max_session_duration": 3600,
            "name": "lambda_role_auth",
            "name_prefix": "",
            "path": "/",
            "permissions_boundary": null,
            "tags": {},
            "tags_all": {},
            "unique_id": "AROAQ6PK66SVHXPNI22NL"
          },
          "sensitive_attributes": [],
          "private": "bnVsbA==",
          "dependencies": [
            "aws_iam_policy.lambda_policy_for_cloudwatch",
            "data.aws_iam_policy_document.policy_execute_lambda_auth"
          ]
        }
      ]
    },
    {
      "mode": "managed",
      "type": "aws_lambda_function",
      "name": "auth_lambda",
      "provider": "provider[\"registry.terraform.io/hashicorp/aws\"]",
      "instances": [
        {
          "schema_version": 0,
          "attributes": {
            "architectures": [
              "x86_64"
            ],
            "arn": "arn:aws:lambda:eu-west-1:065454142634:function:auth_lambda_function",
            "code_signing_config_arn": "",
            "dead_letter_config": [],
            "description": "",
            "environment": [],
            "ephemeral_storage": [
              {
                "size": 512
              }
            ],
            "file_system_config": [],
            "filename": "../dist/lambda-auth.zip",
            "function_name": "auth_lambda_function",
            "handler": "lambda-auth.handler",
            "id": "auth_lambda_function",
            "image_config": [],
            "image_uri": "",
            "invoke_arn": "arn:aws:apigateway:eu-west-1:lambda:path/2015-03-31/functions/arn:aws:lambda:eu-west-1:065454142634:function:auth_lambda_function/invocations",
            "kms_key_arn": "",
            "last_modified": "2023-04-17T14:46:29.000+0000",
            "layers": [],
            "memory_size": 128,
            "package_type": "Zip",
            "publish": false,
            "qualified_arn": "arn:aws:lambda:eu-west-1:065454142634:function:auth_lambda_function:$LATEST",
            "qualified_invoke_arn": "arn:aws:apigateway:eu-west-1:lambda:path/2015-03-31/functions/arn:aws:lambda:eu-west-1:065454142634:function:auth_lambda_function:$LATEST/invocations",
            "replace_security_groups_on_destroy": null,
            "replacement_security_group_ids": null,
            "reserved_concurrent_executions": -1,
            "role": "arn:aws:iam::065454142634:role/lambda_role_auth",
            "runtime": "nodejs16.x",
            "s3_bucket": null,
            "s3_key": null,
            "s3_object_version": null,
            "signing_job_arn": "",
            "signing_profile_version_arn": "",
            "skip_destroy": false,
            "snap_start": [],
            "source_code_hash": "Iy0/YSE/HUfYzvqwzZzkOA2XpvxO/U6cMRt5dxTynOc=",
            "source_code_size": 578,
            "tags": {},
            "tags_all": {},
            "timeout": 3,
            "timeouts": null,
            "tracing_config": [
              {
                "mode": "PassThrough"
              }
            ],
            "version": "$LATEST",
            "vpc_config": []
          },
          "sensitive_attributes": [],
          "private": "eyJlMmJmYjczMC1lY2FhLTExZTYtOGY4OC0zNDM2M2JjN2M0YzAiOnsiY3JlYXRlIjo2MDAwMDAwMDAwMDAsImRlbGV0ZSI6NjAwMDAwMDAwMDAwLCJ1cGRhdGUiOjYwMDAwMDAwMDAwMH19",
          "dependencies": [
            "aws_iam_role.iam_for_lambda_auth",
            "data.archive_file.zip_lambda_auth"
          ]
        }
      ]
    },
    {
      "mode": "managed",
      "type": "aws_lambda_function",
      "name": "lambda_api_welcomer",
      "provider": "provider[\"registry.terraform.io/hashicorp/aws\"]",
      "instances": [
        {
          "schema_version": 0,
          "attributes": {
            "architectures": [
              "x86_64"
            ],
            "arn": "arn:aws:lambda:eu-west-1:065454142634:function:handler_welcomer",
            "code_signing_config_arn": "",
            "dead_letter_config": [],
            "description": "",
            "environment": [],
            "ephemeral_storage": [
              {
                "size": 512
              }
            ],
            "file_system_config": [],
            "filename": "../dist/lambda-welcomer.zip",
            "function_name": "handler_welcomer",
            "handler": "lambda-welcomer.handler",
            "id": "handler_welcomer",
            "image_config": [],
            "image_uri": "",
            "invoke_arn": "arn:aws:apigateway:eu-west-1:lambda:path/2015-03-31/functions/arn:aws:lambda:eu-west-1:065454142634:function:handler_welcomer/invocations",
            "kms_key_arn": "",
            "last_modified": "2023-04-17T14:42:08.550+0000",
            "layers": [],
            "memory_size": 128,
            "package_type": "Zip",
            "publish": false,
            "qualified_arn": "arn:aws:lambda:eu-west-1:065454142634:function:handler_welcomer:$LATEST",
            "qualified_invoke_arn": "arn:aws:apigateway:eu-west-1:lambda:path/2015-03-31/functions/arn:aws:lambda:eu-west-1:065454142634:function:handler_welcomer:$LATEST/invocations",
            "replace_security_groups_on_destroy": null,
            "replacement_security_group_ids": null,
            "reserved_concurrent_executions": -1,
            "role": "arn:aws:iam::065454142634:role/lambda_role_scraper",
            "runtime": "nodejs16.x",
            "s3_bucket": null,
            "s3_key": null,
            "s3_object_version": null,
            "signing_job_arn": "",
            "signing_profile_version_arn": "",
            "skip_destroy": false,
            "snap_start": [],
            "source_code_hash": "B+FaI1yG+wm+BTdbDhBYgBjVTRKojtumkIGWfcnmAfY=",
            "source_code_size": 329,
            "tags": {},
            "tags_all": {},
            "timeout": 5,
            "timeouts": null,
            "tracing_config": [
              {
                "mode": "PassThrough"
              }
            ],
            "version": "$LATEST",
            "vpc_config": []
          },
          "sensitive_attributes": [],
          "private": "eyJlMmJmYjczMC1lY2FhLTExZTYtOGY4OC0zNDM2M2JjN2M0YzAiOnsiY3JlYXRlIjo2MDAwMDAwMDAwMDAsImRlbGV0ZSI6NjAwMDAwMDAwMDAwLCJ1cGRhdGUiOjYwMDAwMDAwMDAwMH19",
          "dependencies": [
            "aws_iam_role.iam_for_lambda",
            "data.archive_file.zip",
            "data.aws_iam_policy_document.policy_execute_lambda_welcomer"
          ]
        }
      ]
    },
    {
      "mode": "managed",
      "type": "aws_lambda_permission",
      "name": "permissions_execute_lambda_auth",
      "provider": "provider[\"registry.terraform.io/hashicorp/aws\"]",
      "instances": [
        {
          "schema_version": 0,
          "attributes": {
            "action": "lambda:InvokeFunction",
            "event_source_token": null,
            "function_name": "auth_lambda_function",
            "function_url_auth_type": null,
            "id": "AllowExecutionFromAPIGateway",
            "principal": "apigateway.amazonaws.com",
            "principal_org_id": null,
            "qualifier": "",
            "source_account": null,
            "source_arn": "arn:aws:execute-api:eu-west-1:065454142634:owr9k5r8w5/*",
            "statement_id": "AllowExecutionFromAPIGateway",
            "statement_id_prefix": ""
          },
          "sensitive_attributes": [],
          "private": "bnVsbA==",
          "dependencies": [
            "aws_api_gateway_rest_api.simple_api_auth",
            "aws_iam_policy.lambda_policy_for_cloudwatch",
            "aws_iam_role.iam_for_lambda_auth",
            "aws_lambda_function.auth_lambda",
            "data.archive_file.zip_lambda_auth",
            "data.aws_iam_policy_document.policy_execute_lambda_auth"
          ]
        }
      ]
    },
    {
      "mode": "managed",
      "type": "aws_lambda_permission",
      "name": "permissions_execute_lambda_welcomer",
      "provider": "provider[\"registry.terraform.io/hashicorp/aws\"]",
      "instances": [
        {
          "schema_version": 0,
          "attributes": {
            "action": "lambda:InvokeFunction",
            "event_source_token": null,
            "function_name": "handler_welcomer",
            "function_url_auth_type": null,
            "id": "AllowExecutionFromAPIGateway",
            "principal": "apigateway.amazonaws.com",
            "principal_org_id": null,
            "qualifier": "",
            "source_account": null,
            "source_arn": "arn:aws:execute-api:eu-west-1:065454142634:owr9k5r8w5/*",
            "statement_id": "AllowExecutionFromAPIGateway",
            "statement_id_prefix": ""
          },
          "sensitive_attributes": [],
          "private": "bnVsbA==",
          "dependencies": [
            "aws_api_gateway_resource.resource_welcome",
            "aws_api_gateway_rest_api.simple_api_auth",
            "aws_iam_role.iam_for_lambda",
            "aws_lambda_function.lambda_api_welcomer",
            "data.archive_file.zip",
            "data.aws_iam_policy_document.policy_execute_lambda_welcomer"
          ]
        }
      ]
    }
  ],
  "check_results": null
}
